
Microsoft Visual Studio Solution File, Format Version 12.00
# Visual Studio Version 16
VisualStudioVersion = 16.0.29709.97
MinimumVisualStudioVersion = 10.0.40219.1
Project("{FAE04EC0-301F-11D3-BF4B-00C04F79EFBC}") = "UserEntity", "UserEntity.csproj", "{7C608DA2-FFD9-4FA6-8DFF-14BECFA03F34}"
EndProject
Global
	GlobalSection(SolutionConfigurationPlatforms) = preSolution
		Debug|Any CPU = Debug|Any CPU
		Release|Any CPU = Release|Any CPU
	EndGlobalSection
	GlobalSection(ProjectConfigurationPlatforms) = postSolution
		{7C608DA2-FFD9-4FA6-8DFF-14BECFA03F34}.Debug|Any CPU.ActiveCfg = Debug|Any CPU
		{7C608DA2-FFD9-4FA6-8DFF-14BECFA03F34}.Debug|Any CPU.Build.0 = Debug|Any CPU
		{7C608DA2-FFD9-4FA6-8DFF-14BECFA03F34}.Release|Any CPU.ActiveCfg = Release|Any CPU
		{7C608DA2-FFD9-4FA6-8DFF-14BECFA03F34}.Release|Any CPU.Build.0 = Release|Any CPU
	EndGlobalSection
	GlobalSection(SolutionProperties) = preSolution
		HideSolutionNode = FALSE
	EndGlobalSection
	GlobalSection(ExtensibilityGlobals) = postSolution
		SolutionGuid = {0A93DF7A-607B-4F5A-BA23-7B4AF3E36578}
	EndGlobalSection
EndGlobal
